// !$*UTF8*$!
{
	archiveVersion = 1;
	classes = {
	};
	objectVersion = 50;
	objects = {

/* Begin PBXBuildFile section */
		2C0B5DA62300B74E003BDDAE /* AppDelegate.swift in Sources */ = {isa = PBXBuildFile; fileRef = 2C0B5DA52300B74E003BDDAE /* AppDelegate.swift */; };
		2C0B5DA82300B74E003BDDAE /* TodoViewController.swift in Sources */ = {isa = PBXBuildFile; fileRef = 2C0B5DA72300B74E003BDDAE /* TodoViewController.swift */; };
		2C0B5DAB2300B74E003BDDAE /* Main.storyboard in Resources */ = {isa = PBXBuildFile; fileRef = 2C0B5DA92300B74E003BDDAE /* Main.storyboard */; };
		2C0B5DAD2300B752003BDDAE /* Assets.xcassets in Resources */ = {isa = PBXBuildFile; fileRef = 2C0B5DAC2300B752003BDDAE /* Assets.xcassets */; };
		2C0B5DB02300B752003BDDAE /* LaunchScreen.storyboard in Resources */ = {isa = PBXBuildFile; fileRef = 2C0B5DAE2300B752003BDDAE /* LaunchScreen.storyboard */; };
		2C2F9FA82308810F0045F7CC /* Reactive programming RxTests.docx in Resources */ = {isa = PBXBuildFile; fileRef = 2C2F9FA72308810F0045F7CC /* Reactive programming RxTests.docx */; };
		2C2F9FAA230881610045F7CC /* Rx reactive programming.docx in Resources */ = {isa = PBXBuildFile; fileRef = 2C2F9FA9230881610045F7CC /* Rx reactive programming.docx */; };
		2C2F9FAC2308836E0045F7CC /* ReadMeRxSwift.md in Resources */ = {isa = PBXBuildFile; fileRef = 2C2F9FAB2308836E0045F7CC /* ReadMeRxSwift.md */; };
		2C2F9FAE230899DB0045F7CC /* Database.swift in Sources */ = {isa = PBXBuildFile; fileRef = 2C2F9FAD230899DB0045F7CC /* Database.swift */; };
		2C2F9FB023089C3B0045F7CC /* TodoItem.swift in Sources */ = {isa = PBXBuildFile; fileRef = 2C2F9FAF23089C3B0045F7CC /* TodoItem.swift */; };
		2C6361D32301EE2C00D737B5 /* ViewModel.swift in Sources */ = {isa = PBXBuildFile; fileRef = 2C6361D22301EE2C00D737B5 /* ViewModel.swift */; };
		2C6361D52301EE8E00D737B5 /* Model.swift in Sources */ = {isa = PBXBuildFile; fileRef = 2C6361D42301EE8E00D737B5 /* Model.swift */; };
		2C6361D82301F22200D737B5 /* TableViewCell.swift in Sources */ = {isa = PBXBuildFile; fileRef = 2C6361D62301F22200D737B5 /* TableViewCell.swift */; };
		2C6361D92301F22200D737B5 /* TableViewCell.xib in Resources */ = {isa = PBXBuildFile; fileRef = 2C6361D72301F22200D737B5 /* TableViewCell.xib */; };
		2CBCDFF7230992DA005BA6B4 /* APIService.swift in Sources */ = {isa = PBXBuildFile; fileRef = 2CBCDFF6230992D9005BA6B4 /* APIService.swift */; };
		2CBCDFF9230992E8005BA6B4 /* ReadMeAlamoFire in Resources */ = {isa = PBXBuildFile; fileRef = 2CBCDFF8230992E8005BA6B4 /* ReadMeAlamoFire */; };
		2CBCDFFB2309B547005BA6B4 /* withJsonSerialization in Resources */ = {isa = PBXBuildFile; fileRef = 2CBCDFFA2309B547005BA6B4 /* withJsonSerialization */; };
		2CDF1B072305D17600A47E8D /* ReadMe.md in Resources */ = {isa = PBXBuildFile; fileRef = 2CDF1B062305D17600A47E8D /* ReadMe.md */; };
		89F95CC12306ADA800B35C00 /* Strings+Extensions.swift in Sources */ = {isa = PBXBuildFile; fileRef = 89F95CC02306ADA800B35C00 /* Strings+Extensions.swift */; };
		B9D127B977D79A47B7B4939C /* Pods_FilterTableView.framework in Frameworks */ = {isa = PBXBuildFile; fileRef = 5FC3FDA956CD08A4FD18FD42 /* Pods_FilterTableView.framework */; };
/* End PBXBuildFile section */

/* Begin PBXFileReference section */
		2C0B5DA22300B74E003BDDAE /* FilterTableView.app */ = {isa = PBXFileReference; explicitFileType = wrapper.application; includeInIndex = 0; path = FilterTableView.app; sourceTree = BUILT_PRODUCTS_DIR; };
		2C0B5DA52300B74E003BDDAE /* AppDelegate.swift */ = {isa = PBXFileReference; lastKnownFileType = sourcecode.swift; path = AppDelegate.swift; sourceTree = "<group>"; };
		2C0B5DA72300B74E003BDDAE /* TodoViewController.swift */ = {isa = PBXFileReference; lastKnownFileType = sourcecode.swift; path = TodoViewController.swift; sourceTree = "<group>"; };
		2C0B5DAA2300B74E003BDDAE /* Base */ = {isa = PBXFileReference; lastKnownFileType = file.storyboard; name = Base; path = Base.lproj/Main.storyboard; sourceTree = "<group>"; };
		2C0B5DAC2300B752003BDDAE /* Assets.xcassets */ = {isa = PBXFileReference; lastKnownFileType = folder.assetcatalog; path = Assets.xcassets; sourceTree = "<group>"; };
		2C0B5DAF2300B752003BDDAE /* Base */ = {isa = PBXFileReference; lastKnownFileType = file.storyboard; name = Base; path = Base.lproj/LaunchScreen.storyboard; sourceTree = "<group>"; };
		2C0B5DB12300B752003BDDAE /* Info.plist */ = {isa = PBXFileReference; lastKnownFileType = text.plist.xml; path = Info.plist; sourceTree = "<group>"; };
		2C2F9FA72308810F0045F7CC /* Reactive programming RxTests.docx */ = {isa = PBXFileReference; lastKnownFileType = file; path = "Reactive programming RxTests.docx"; sourceTree = "<group>"; };
		2C2F9FA9230881610045F7CC /* Rx reactive programming.docx */ = {isa = PBXFileReference; lastKnownFileType = file; path = "Rx reactive programming.docx"; sourceTree = "<group>"; };
		2C2F9FAB2308836E0045F7CC /* ReadMeRxSwift.md */ = {isa = PBXFileReference; lastKnownFileType = net.daringfireball.markdown; path = ReadMeRxSwift.md; sourceTree = "<group>"; };
		2C2F9FAD230899DB0045F7CC /* Database.swift */ = {isa = PBXFileReference; lastKnownFileType = sourcecode.swift; path = Database.swift; sourceTree = "<group>"; };
		2C2F9FAF23089C3B0045F7CC /* TodoItem.swift */ = {isa = PBXFileReference; lastKnownFileType = sourcecode.swift; path = TodoItem.swift; sourceTree = "<group>"; };
		2C6361D22301EE2C00D737B5 /* ViewModel.swift */ = {isa = PBXFileReference; lastKnownFileType = sourcecode.swift; path = ViewModel.swift; sourceTree = "<group>"; };
		2C6361D42301EE8E00D737B5 /* Model.swift */ = {isa = PBXFileReference; lastKnownFileType = sourcecode.swift; path = Model.swift; sourceTree = "<group>"; };
		2C6361D62301F22200D737B5 /* TableViewCell.swift */ = {isa = PBXFileReference; lastKnownFileType = sourcecode.swift; path = TableViewCell.swift; sourceTree = "<group>"; };
		2C6361D72301F22200D737B5 /* TableViewCell.xib */ = {isa = PBXFileReference; lastKnownFileType = file.xib; path = TableViewCell.xib; sourceTree = "<group>"; };
		2CBCDFF6230992D9005BA6B4 /* APIService.swift */ = {isa = PBXFileReference; fileEncoding = 4; lastKnownFileType = sourcecode.swift; path = APIService.swift; sourceTree = "<group>"; };
		2CBCDFF8230992E8005BA6B4 /* ReadMeAlamoFire */ = {isa = PBXFileReference; fileEncoding = 4; lastKnownFileType = text; path = ReadMeAlamoFire; sourceTree = "<group>"; };
		2CBCDFFA2309B547005BA6B4 /* withJsonSerialization */ = {isa = PBXFileReference; lastKnownFileType = text; path = withJsonSerialization; sourceTree = "<group>"; };
		2CDF1B062305D17600A47E8D /* ReadMe.md */ = {isa = PBXFileReference; lastKnownFileType = net.daringfireball.markdown; path = ReadMe.md; sourceTree = "<group>"; };
		5FC3FDA956CD08A4FD18FD42 /* Pods_FilterTableView.framework */ = {isa = PBXFileReference; explicitFileType = wrapper.framework; includeInIndex = 0; path = Pods_FilterTableView.framework; sourceTree = BUILT_PRODUCTS_DIR; };
		89F95CC02306ADA800B35C00 /* Strings+Extensions.swift */ = {isa = PBXFileReference; lastKnownFileType = sourcecode.swift; path = "Strings+Extensions.swift"; sourceTree = "<group>"; };
		8B61D7F74A42E51665DC0145 /* Pods-FilterTableView.release.xcconfig */ = {isa = PBXFileReference; includeInIndex = 1; lastKnownFileType = text.xcconfig; name = "Pods-FilterTableView.release.xcconfig"; path = "Pods/Target Support Files/Pods-FilterTableView/Pods-FilterTableView.release.xcconfig"; sourceTree = "<group>"; };
		D6CB3C5B6590B4D58A25FDA1 /* Pods-FilterTableView.debug.xcconfig */ = {isa = PBXFileReference; includeInIndex = 1; lastKnownFileType = text.xcconfig; name = "Pods-FilterTableView.debug.xcconfig"; path = "Pods/Target Support Files/Pods-FilterTableView/Pods-FilterTableView.debug.xcconfig"; sourceTree = "<group>"; };
/* End PBXFileReference section */

/* Begin PBXFrameworksBuildPhase section */
		2C0B5D9F2300B74E003BDDAE /* Frameworks */ = {
			isa = PBXFrameworksBuildPhase;
			buildActionMask = 2147483647;
			files = (
				B9D127B977D79A47B7B4939C /* Pods_FilterTableView.framework in Frameworks */,
			);
			runOnlyForDeploymentPostprocessing = 0;
		};
/* End PBXFrameworksBuildPhase section */

/* Begin PBXGroup section */
		2C0B5D992300B74E003BDDAE = {
			isa = PBXGroup;
			children = (
				2C0B5DA42300B74E003BDDAE /* FilterTableView */,
				2C0B5DA32300B74E003BDDAE /* Products */,
				68CA583004B654F387B196F2 /* Pods */,
				F4F448C48AC60201C3AA4283 /* Frameworks */,
			);
			sourceTree = "<group>";
		};
		2C0B5DA32300B74E003BDDAE /* Products */ = {
			isa = PBXGroup;
			children = (
				2C0B5DA22300B74E003BDDAE /* FilterTableView.app */,
			);
			name = Products;
			sourceTree = "<group>";
		};
		2C0B5DA42300B74E003BDDAE /* FilterTableView */ = {
			isa = PBXGroup;
			children = (
				2C0B5DA52300B74E003BDDAE /* AppDelegate.swift */,
				2C0B5DA72300B74E003BDDAE /* TodoViewController.swift */,
				2C6361D22301EE2C00D737B5 /* ViewModel.swift */,
				2C6361D42301EE8E00D737B5 /* Model.swift */,
				2C6361D62301F22200D737B5 /* TableViewCell.swift */,
				2CBCDFF6230992D9005BA6B4 /* APIService.swift */,
				2C6361D72301F22200D737B5 /* TableViewCell.xib */,
				2C0B5DA92300B74E003BDDAE /* Main.storyboard */,
				2C0B5DAC2300B752003BDDAE /* Assets.xcassets */,
				2C0B5DAE2300B752003BDDAE /* LaunchScreen.storyboard */,
				2C0B5DB12300B752003BDDAE /* Info.plist */,
				2C2F9FA6230880FE0045F7CC /* Docs */,
				2CC1F7452308576200C70386 /* Extensions */,
				2C2F9FAD230899DB0045F7CC /* Database.swift */,
				2C2F9FAF23089C3B0045F7CC /* TodoItem.swift */,
			);
			path = FilterTableView;
			sourceTree = "<group>";
		};
		2C2F9FA6230880FE0045F7CC /* Docs */ = {
			isa = PBXGroup;
			children = (
				2CBCDFF8230992E8005BA6B4 /* ReadMeAlamoFire */,
				2C2F9FA9230881610045F7CC /* Rx reactive programming.docx */,
				2C2F9FA72308810F0045F7CC /* Reactive programming RxTests.docx */,
				2CDF1B062305D17600A47E8D /* ReadMe.md */,
				2C2F9FAB2308836E0045F7CC /* ReadMeRxSwift.md */,
				2CBCDFFA2309B547005BA6B4 /* withJsonSerialization */,
			);
			path = Docs;
			sourceTree = "<group>";
		};
		2CC1F7452308576200C70386 /* Extensions */ = {
			isa = PBXGroup;
			children = (
				89F95CC02306ADA800B35C00 /* Strings+Extensions.swift */,
			);
			path = Extensions;
			sourceTree = "<group>";
		};
		68CA583004B654F387B196F2 /* Pods */ = {
			isa = PBXGroup;
			children = (
				D6CB3C5B6590B4D58A25FDA1 /* Pods-FilterTableView.debug.xcconfig */,
				8B61D7F74A42E51665DC0145 /* Pods-FilterTableView.release.xcconfig */,
			);
			name = Pods;
			sourceTree = "<group>";
		};
		F4F448C48AC60201C3AA4283 /* Frameworks */ = {
			isa = PBXGroup;
			children = (
				5FC3FDA956CD08A4FD18FD42 /* Pods_FilterTableView.framework */,
			);
			name = Frameworks;
			sourceTree = "<group>";
		};
/* End PBXGroup section */

/* Begin PBXNativeTarget section */
		2C0B5DA12300B74E003BDDAE /* FilterTableView */ = {
			isa = PBXNativeTarget;
			buildConfigurationList = 2C0B5DB42300B752003BDDAE /* Build configuration list for PBXNativeTarget "FilterTableView" */;
			buildPhases = (
				DD5575F9533F7FC4E66AA26D /* [CP] Check Pods Manifest.lock */,
				2C0B5D9E2300B74E003BDDAE /* Sources */,
				2C0B5D9F2300B74E003BDDAE /* Frameworks */,
				2C0B5DA02300B74E003BDDAE /* Resources */,
				F27A2E1C198377AB536D3503 /* [CP] Embed Pods Frameworks */,
			);
			buildRules = (
			);
			dependencies = (
			);
			name = FilterTableView;
			productName = FilterTableView;
			productReference = 2C0B5DA22300B74E003BDDAE /* FilterTableView.app */;
			productType = "com.apple.product-type.application";
		};
/* End PBXNativeTarget section */

/* Begin PBXProject section */
		2C0B5D9A2300B74E003BDDAE /* Project object */ = {
			isa = PBXProject;
			attributes = {
				LastSwiftUpdateCheck = 1010;
				LastUpgradeCheck = 1010;
				ORGANIZATIONNAME = MB;
				TargetAttributes = {
					2C0B5DA12300B74E003BDDAE = {
						CreatedOnToolsVersion = 10.1;
					};
				};
			};
			buildConfigurationList = 2C0B5D9D2300B74E003BDDAE /* Build configuration list for PBXProject "FilterTableView" */;
			compatibilityVersion = "Xcode 9.3";
			developmentRegion = en;
			hasScannedForEncodings = 0;
			knownRegions = (
				en,
				Base,
			);
			mainGroup = 2C0B5D992300B74E003BDDAE;
			productRefGroup = 2C0B5DA32300B74E003BDDAE /* Products */;
			projectDirPath = "";
			projectRoot = "";
			targets = (
				2C0B5DA12300B74E003BDDAE /* FilterTableView */,
			);
		};
/* End PBXProject section */

/* Begin PBXResourcesBuildPhase section */
		2C0B5DA02300B74E003BDDAE /* Resources */ = {
			isa = PBXResourcesBuildPhase;
			buildActionMask = 2147483647;
			files = (
				2C0B5DB02300B752003BDDAE /* LaunchScreen.storyboard in Resources */,
				2CBCDFFB2309B547005BA6B4 /* withJsonSerialization in Resources */,
				2CBCDFF9230992E8005BA6B4 /* ReadMeAlamoFire in Resources */,
				2C6361D92301F22200D737B5 /* TableViewCell.xib in Resources */,
				2C2F9FA82308810F0045F7CC /* Reactive programming RxTests.docx in Resources */,
				2C2F9FAA230881610045F7CC /* Rx reactive programming.docx in Resources */,
				2C2F9FAC2308836E0045F7CC /* ReadMeRxSwift.md in Resources */,
				2C0B5DAD2300B752003BDDAE /* Assets.xcassets in Resources */,
				2C0B5DAB2300B74E003BDDAE /* Main.storyboard in Resources */,
				2CDF1B072305D17600A47E8D /* ReadMe.md in Resources */,
			);
			runOnlyForDeploymentPostprocessing = 0;
		};
/* End PBXResourcesBuildPhase section */

/* Begin PBXShellScriptBuildPhase section */
		DD5575F9533F7FC4E66AA26D /* [CP] Check Pods Manifest.lock */ = {
			isa = PBXShellScriptBuildPhase;
			buildActionMask = 2147483647;
			files = (
			);
			inputFileListPaths = (
			);
			inputPaths = (
				"${PODS_PODFILE_DIR_PATH}/Podfile.lock",
				"${PODS_ROOT}/Manifest.lock",
			);
			name = "[CP] Check Pods Manifest.lock";
			outputFileListPaths = (
			);
			outputPaths = (
				"$(DERIVED_FILE_DIR)/Pods-FilterTableView-checkManifestLockResult.txt",
			);
			runOnlyForDeploymentPostprocessing = 0;
			shellPath = /bin/sh;
			shellScript = "diff \"${PODS_PODFILE_DIR_PATH}/Podfile.lock\" \"${PODS_ROOT}/Manifest.lock\" > /dev/null\nif [ $? != 0 ] ; then\n    # print error to STDERR\n    echo \"error: The sandbox is not in sync with the Podfile.lock. Run 'pod install' or update your CocoaPods installation.\" >&2\n    exit 1\nfi\n# This output is used by Xcode 'outputs' to avoid re-running this script phase.\necho \"SUCCESS\" > \"${SCRIPT_OUTPUT_FILE_0}\"\n";
			showEnvVarsInLog = 0;
		};
		F27A2E1C198377AB536D3503 /* [CP] Embed Pods Frameworks */ = {
			isa = PBXShellScriptBuildPhase;
			buildActionMask = 2147483647;
			files = (
			);
			inputFileListPaths = (
			);
			inputPaths = (
				"${SRCROOT}/Pods/Target Support Files/Pods-FilterTableView/Pods-FilterTableView-frameworks.sh",
				"${BUILT_PRODUCTS_DIR}/Alamofire/Alamofire.framework",
				"${BUILT_PRODUCTS_DIR}/Realm/Realm.framework",
				"${BUILT_PRODUCTS_DIR}/RealmSwift/RealmSwift.framework",
				"${BUILT_PRODUCTS_DIR}/RxCocoa/RxCocoa.framework",
				"${BUILT_PRODUCTS_DIR}/RxSwift/RxSwift.framework",
				"${BUILT_PRODUCTS_DIR}/SwiftyJSON/SwiftyJSON.framework",
			);
			name = "[CP] Embed Pods Frameworks";
			outputFileListPaths = (
			);
			outputPaths = (
				"${TARGET_BUILD_DIR}/${FRAMEWORKS_FOLDER_PATH}/Alamofire.framework",
				"${TARGET_BUILD_DIR}/${FRAMEWORKS_FOLDER_PATH}/Realm.framework",
				"${TARGET_BUILD_DIR}/${FRAMEWORKS_FOLDER_PATH}/RealmSwift.framework",
				"${TARGET_BUILD_DIR}/${FRAMEWORKS_FOLDER_PATH}/RxCocoa.framework",
				"${TARGET_BUILD_DIR}/${FRAMEWORKS_FOLDER_PATH}/RxSwift.framework",
				"${TARGET_BUILD_DIR}/${FRAMEWORKS_FOLDER_PATH}/SwiftyJSON.framework",
			);
			runOnlyForDeploymentPostprocessing = 0;
			shellPath = /bin/sh;
			shellScript = "\"${SRCROOT}/Pods/Target Support Files/Pods-FilterTableView/Pods-FilterTableView-frameworks.sh\"\n";
			showEnvVarsInLog = 0;
		};
/* End PBXShellScriptBuildPhase section */

/* Begin PBXSourcesBuildPhase section */
		2C0B5D9E2300B74E003BDDAE /* Sources */ = {
			isa = PBXSourcesBuildPhase;
			buildActionMask = 2147483647;
			files = (
				2C6361D82301F22200D737B5 /* TableViewCell.swift in Sources */,
				89F95CC12306ADA800B35C00 /* Strings+Extensions.swift in Sources */,
				2C0B5DA82300B74E003BDDAE /* TodoViewController.swift in Sources */,
				2C6361D32301EE2C00D737B5 /* ViewModel.swift in Sources */,
				2C6361D52301EE8E00D737B5 /* Model.swift in Sources */,
				2C2F9FAE230899DB0045F7CC /* Database.swift in Sources */,
				2C2F9FB023089C3B0045F7CC /* TodoItem.swift in Sources */,
				2CBCDFF7230992DA005BA6B4 /* APIService.swift in Sources */,
				2C0B5DA62300B74E003BDDAE /* AppDelegate.swift in Sources */,
			);
			runOnlyForDeploymentPostprocessing = 0;
		};
/* End PBXSourcesBuildPhase section */

/* Begin PBXVariantGroup section */
		2C0B5DA92300B74E003BDDAE /* Main.storyboard */ = {
			isa = PBXVariantGroup;
			children = (
				2C0B5DAA2300B74E003BDDAE /* Base */,
			);
			name = Main.storyboard;
			sourceTree = "<group>";
		};
		2C0B5DAE2300B752003BDDAE /* LaunchScreen.storyboard */ = {
			isa = PBXVariantGroup;
			children = (
				2C0B5DAF2300B752003BDDAE /* Base */,
			);
			name = LaunchScreen.storyboard;
			sourceTree = "<group>";
		};
/* End PBXVariantGroup section */

/* Begin XCBuildConfiguration section */
		2C0B5DB22300B752003BDDAE /* Debug */ = {
			isa = XCBuildConfiguration;
			buildSettings = {
				ALWAYS_SEARCH_USER_PATHS = NO;
				CLANG_ANALYZER_NONNULL = YES;
				CLANG_ANALYZER_NUMBER_OBJECT_CONVERSION = YES_AGGRESSIVE;
				CLANG_CXX_LANGUAGE_STANDARD = "gnu++14";
				CLANG_CXX_LIBRARY = "libc++";
				CLANG_ENABLE_MODULES = YES;
				CLANG_ENABLE_OBJC_ARC = YES;
				CLANG_ENABLE_OBJC_WEAK = YES;
				CLANG_WARN_BLOCK_CAPTURE_AUTORELEASING = YES;
				CLANG_WARN_BOOL_CONVERSION = YES;
				CLANG_WARN_COMMA = YES;
				CLANG_WARN_CONSTANT_CONVERSION = YES;
				CLANG_WARN_DEPRECATED_OBJC_IMPLEMENTATIONS = YES;
				CLANG_WARN_DIRECT_OBJC_ISA_USAGE = YES_ERROR;
				CLANG_WARN_DOCUMENTATION_COMMENTS = YES;
				CLANG_WARN_EMPTY_BODY = YES;
				CLANG_WARN_ENUM_CONVERSION = YES;
				CLANG_WARN_INFINITE_RECURSION = YES;
				CLANG_WARN_INT_CONVERSION = YES;
				CLANG_WARN_NON_LITERAL_NULL_CONVERSION = YES;
				CLANG_WARN_OBJC_IMPLICIT_RETAIN_SELF = YES;
				CLANG_WARN_OBJC_LITERAL_CONVERSION = YES;
				CLANG_WARN_OBJC_ROOT_CLASS = YES_ERROR;
				CLANG_WARN_RANGE_LOOP_ANALYSIS = YES;
				CLANG_WARN_STRICT_PROTOTYPES = YES;
				CLANG_WARN_SUSPICIOUS_MOVE = YES;
				CLANG_WARN_UNGUARDED_AVAILABILITY = YES_AGGRESSIVE;
				CLANG_WARN_UNREACHABLE_CODE = YES;
				CLANG_WARN__DUPLICATE_METHOD_MATCH = YES;
				CODE_SIGN_IDENTITY = "iPhone Developer";
				COPY_PHASE_STRIP = NO;
				DEBUG_INFORMATION_FORMAT = dwarf;
				ENABLE_STRICT_OBJC_MSGSEND = YES;
				ENABLE_TESTABILITY = YES;
				GCC_C_LANGUAGE_STANDARD = gnu11;
				GCC_DYNAMIC_NO_PIC = NO;
				GCC_NO_COMMON_BLOCKS = YES;
				GCC_OPTIMIZATION_LEVEL = 0;
				GCC_PREPROCESSOR_DEFINITIONS = (
					"DEBUG=1",
					"$(inherited)",
				);
				GCC_WARN_64_TO_32_BIT_CONVERSION = YES;
				GCC_WARN_ABOUT_RETURN_TYPE = YES_ERROR;
				GCC_WARN_UNDECLARED_SELECTOR = YES;
				GCC_WARN_UNINITIALIZED_AUTOS = YES_AGGRESSIVE;
				GCC_WARN_UNUSED_FUNCTION = YES;
				GCC_WARN_UNUSED_VARIABLE = YES;
				IPHONEOS_DEPLOYMENT_TARGET = 12.1;
				MTL_ENABLE_DEBUG_INFO = INCLUDE_SOURCE;
				MTL_FAST_MATH = YES;
				ONLY_ACTIVE_ARCH = YES;
				SDKROOT = iphoneos;
				SWIFT_ACTIVE_COMPILATION_CONDITIONS = DEBUG;
				SWIFT_OPTIMIZATION_LEVEL = "-Onone";
			};
			name = Debug;
		};
		2C0B5DB32300B752003BDDAE /* Release */ = {
			isa = XCBuildConfiguration;
			buildSettings = {
				ALWAYS_SEARCH_USER_PATHS = NO;
				CLANG_ANALYZER_NONNULL = YES;
				CLANG_ANALYZER_NUMBER_OBJECT_CONVERSION = YES_AGGRESSIVE;
				CLANG_CXX_LANGUAGE_STANDARD = "gnu++14";
				CLANG_CXX_LIBRARY = "libc++";
				CLANG_ENABLE_MODULES = YES;
				CLANG_ENABLE_OBJC_ARC = YES;
				CLANG_ENABLE_OBJC_WEAK = YES;
				CLANG_WARN_BLOCK_CAPTURE_AUTORELEASING = YES;
				CLANG_WARN_BOOL_CONVERSION = YES;
				CLANG_WARN_COMMA = YES;
				CLANG_WARN_CONSTANT_CONVERSION = YES;
				CLANG_WARN_DEPRECATED_OBJC_IMPLEMENTATIONS = YES;
				CLANG_WARN_DIRECT_OBJC_ISA_USAGE = YES_ERROR;
				CLANG_WARN_DOCUMENTATION_COMMENTS = YES;
				CLANG_WARN_EMPTY_BODY = YES;
				CLANG_WARN_ENUM_CONVERSION = YES;
				CLANG_WARN_INFINITE_RECURSION = YES;
				CLANG_WARN_INT_CONVERSION = YES;
				CLANG_WARN_NON_LITERAL_NULL_CONVERSION = YES;
				CLANG_WARN_OBJC_IMPLICIT_RETAIN_SELF = YES;
				CLANG_WARN_OBJC_LITERAL_CONVERSION = YES;
				CLANG_WARN_OBJC_ROOT_CLASS = YES_ERROR;
				CLANG_WARN_RANGE_LOOP_ANALYSIS = YES;
				CLANG_WARN_STRICT_PROTOTYPES = YES;
				CLANG_WARN_SUSPICIOUS_MOVE = YES;
				CLANG_WARN_UNGUARDED_AVAILABILITY = YES_AGGRESSIVE;
				CLANG_WARN_UNREACHABLE_CODE = YES;
				CLANG_WARN__DUPLICATE_METHOD_MATCH = YES;
				CODE_SIGN_IDENTITY = "iPhone Developer";
				COPY_PHASE_STRIP = NO;
				DEBUG_INFORMATION_FORMAT = "dwarf-with-dsym";
				ENABLE_NS_ASSERTIONS = NO;
				ENABLE_STRICT_OBJC_MSGSEND = YES;
				GCC_C_LANGUAGE_STANDARD = gnu11;
				GCC_NO_COMMON_BLOCKS = YES;
				GCC_WARN_64_TO_32_BIT_CONVERSION = YES;
				GCC_WARN_ABOUT_RETURN_TYPE = YES_ERROR;
				GCC_WARN_UNDECLARED_SELECTOR = YES;
				GCC_WARN_UNINITIALIZED_AUTOS = YES_AGGRESSIVE;
				GCC_WARN_UNUSED_FUNCTION = YES;
				GCC_WARN_UNUSED_VARIABLE = YES;
				IPHONEOS_DEPLOYMENT_TARGET = 12.1;
				MTL_ENABLE_DEBUG_INFO = NO;
				MTL_FAST_MATH = YES;
				SDKROOT = iphoneos;
				SWIFT_COMPILATION_MODE = wholemodule;
				SWIFT_OPTIMIZATION_LEVEL = "-O";
				VALIDATE_PRODUCT = YES;
			};
			name = Release;
		};
		2C0B5DB52300B752003BDDAE /* Debug */ = {
			isa = XCBuildConfiguration;
			baseConfigurationReference = D6CB3C5B6590B4D58A25FDA1 /* Pods-FilterTableView.debug.xcconfig */;
			buildSettings = {
				ASSETCATALOG_COMPILER_APPICON_NAME = AppIcon;
				CODE_SIGN_STYLE = Automatic;
				DEVELOPMENT_TEAM = Y94DT2QL6A;
				INFOPLIST_FILE = FilterTableView/Info.plist;
				LD_RUNPATH_SEARCH_PATHS = (
					"$(inherited)",
					"@executable_path/Frameworks",
				);
				PRODUCT_BUNDLE_IDENTIFIER = com.tryvector.FilterTableView;
				PRODUCT_NAME = "$(TARGET_NAME)";
				SWIFT_VERSION = 4.2;
				TARGETED_DEVICE_FAMILY = "1,2";
			};
			name = Debug;
		};
		2C0B5DB62300B752003BDDAE /* Release */ = {
			isa = XCBuildConfiguration;
			baseConfigurationReference = 8B61D7F74A42E51665DC0145 /* Pods-FilterTableView.release.xcconfig */;
			buildSettings = {
				ASSETCATALOG_COMPILER_APPICON_NAME = AppIcon;
				CODE_SIGN_STYLE = Automatic;
				DEVELOPMENT_TEAM = Y94DT2QL6A;
				INFOPLIST_FILE = FilterTableView/Info.plist;
				LD_RUNPATH_SEARCH_PATHS = (
					"$(inherited)",
					"@executable_path/Frameworks",
				);
				PRODUCT_BUNDLE_IDENTIFIER = com.tryvector.FilterTableView;
				PRODUCT_NAME = "$(TARGET_NAME)";
				SWIFT_VERSION = 4.2;
				TARGETED_DEVICE_FAMILY = "1,2";
			};
			name = Release;
		};
/* End XCBuildConfiguration section */

/* Begin XCConfigurationList section */
		2C0B5D9D2300B74E003BDDAE /* Build configuration list for PBXProject "FilterTableView" */ = {
			isa = XCConfigurationList;
			buildConfigurations = (
				2C0B5DB22300B752003BDDAE /* Debug */,
				2C0B5DB32300B752003BDDAE /* Release */,
			);
			defaultConfigurationIsVisible = 0;
			defaultConfigurationName = Release;
		};
		2C0B5DB42300B752003BDDAE /* Build configuration list for PBXNativeTarget "FilterTableView" */ = {
			isa = XCConfigurationList;
			buildConfigurations = (
				2C0B5DB52300B752003BDDAE /* Debug */,
				2C0B5DB62300B752003BDDAE /* Release */,
			);
			defaultConfigurationIsVisible = 0;
			defaultConfigurationName = Release;
		};
/* End XCConfigurationList section */
	};
	rootObject = 2C0B5D9A2300B74E003BDDAE /* Project object */;
}
